
Microsoft Visual Studio Solution File, Format Version 12.00
# Visual Studio 2012
Project("{8BC9CEB8-8B4A-11D0-8D11-00A0C91BC942}") = "lambda", "lambda\lambda.vcxproj", "{B7664EFA-66F0-4D0C-8E73-B5ED903DB341}"
EndProject
Project("{8BC9CEB8-8B4A-11D0-8D11-00A0C91BC942}") = "pointer", "pointer\pointer.vcxproj", "{ED567F6A-094D-4DC5-88C1-29BDD5E29FD4}"
EndProject
Project("{8BC9CEB8-8B4A-11D0-8D11-00A0C91BC942}") = "bind", "bind\bind.vcxproj", "{7E1AFC73-3C83-4A83-AE74-9CF33E210E80}"
EndProject
Project("{8BC9CEB8-8B4A-11D0-8D11-00A0C91BC942}") = "algorithm", "algorithm\algorithm.vcxproj", "{10F04D92-D4F7-4370-9930-EC2CCD9DA417}"
EndProject
Project("{8BC9CEB8-8B4A-11D0-8D11-00A0C91BC942}") = "tuple", "tuple\tuple.vcxproj", "{EB538308-303D-453C-BB56-4A849282D058}"
EndProject
Global
	GlobalSection(SolutionConfigurationPlatforms) = preSolution
		Debug|Win32 = Debug|Win32
		Release|Win32 = Release|Win32
	EndGlobalSection
	GlobalSection(ProjectConfigurationPlatforms) = postSolution
		{B7664EFA-66F0-4D0C-8E73-B5ED903DB341}.Debug|Win32.ActiveCfg = Debug|Win32
		{B7664EFA-66F0-4D0C-8E73-B5ED903DB341}.Debug|Win32.Build.0 = Debug|Win32
		{B7664EFA-66F0-4D0C-8E73-B5ED903DB341}.Release|Win32.ActiveCfg = Release|Win32
		{B7664EFA-66F0-4D0C-8E73-B5ED903DB341}.Release|Win32.Build.0 = Release|Win32
		{ED567F6A-094D-4DC5-88C1-29BDD5E29FD4}.Debug|Win32.ActiveCfg = Debug|Win32
		{ED567F6A-094D-4DC5-88C1-29BDD5E29FD4}.Debug|Win32.Build.0 = Debug|Win32
		{ED567F6A-094D-4DC5-88C1-29BDD5E29FD4}.Release|Win32.ActiveCfg = Release|Win32
		{ED567F6A-094D-4DC5-88C1-29BDD5E29FD4}.Release|Win32.Build.0 = Release|Win32
		{7E1AFC73-3C83-4A83-AE74-9CF33E210E80}.Debug|Win32.ActiveCfg = Debug|Win32
		{7E1AFC73-3C83-4A83-AE74-9CF33E210E80}.Debug|Win32.Build.0 = Debug|Win32
		{7E1AFC73-3C83-4A83-AE74-9CF33E210E80}.Release|Win32.ActiveCfg = Release|Win32
		{7E1AFC73-3C83-4A83-AE74-9CF33E210E80}.Release|Win32.Build.0 = Release|Win32
		{10F04D92-D4F7-4370-9930-EC2CCD9DA417}.Debug|Win32.ActiveCfg = Debug|Win32
		{10F04D92-D4F7-4370-9930-EC2CCD9DA417}.Debug|Win32.Build.0 = Debug|Win32
		{10F04D92-D4F7-4370-9930-EC2CCD9DA417}.Release|Win32.ActiveCfg = Release|Win32
		{10F04D92-D4F7-4370-9930-EC2CCD9DA417}.Release|Win32.Build.0 = Release|Win32
		{EB538308-303D-453C-BB56-4A849282D058}.Debug|Win32.ActiveCfg = Debug|Win32
		{EB538308-303D-453C-BB56-4A849282D058}.Debug|Win32.Build.0 = Debug|Win32
		{EB538308-303D-453C-BB56-4A849282D058}.Release|Win32.ActiveCfg = Release|Win32
		{EB538308-303D-453C-BB56-4A849282D058}.Release|Win32.Build.0 = Release|Win32
	EndGlobalSection
	GlobalSection(SolutionProperties) = preSolution
		HideSolutionNode = FALSE
	EndGlobalSection
EndGlobal
