
Microsoft Visual Studio Solution File, Format Version 12.00
# Visual Studio 2012
Project("{8BC9CEB8-8B4A-11D0-8D11-00A0C91BC942}") = "lambda", "lambda\lambda.vcxproj", "{B7664EFA-66F0-4D0C-8E73-B5ED903DB341}"
EndProject
Project("{8BC9CEB8-8B4A-11D0-8D11-00A0C91BC942}") = "pointer", "pointer\pointer.vcxproj", "{ED567F6A-094D-4DC5-88C1-29BDD5E29FD4}"
EndProject
Project("{8BC9CEB8-8B4A-11D0-8D11-00A0C91BC942}") = "bind", "bind\bind.vcxproj", "{7E1AFC73-3C83-4A83-AE74-9CF33E210E80}"
EndProject
Project("{8BC9CEB8-8B4A-11D0-8D11-00A0C91BC942}") = "algorithm", "algorithm\algorithm.vcxproj", "{10F04D92-D4F7-4370-9930-EC2CCD9DA417}"
EndProject
Project("{8BC9CEB8-8B4A-11D0-8D11-00A0C91BC942}") = "tuple", "tuple\tuple.vcxproj", "{EB538308-303D-453C-BB56-4A849282D058}"
EndProject
Project("{8BC9CEB8-8B4A-11D0-8D11-00A0C91BC942}") = "functor", "functor\functor.vcxproj", "{47687862-91EC-48F7-A3B7-2938D6F12144}"
EndProject
Project("{8BC9CEB8-8B4A-11D0-8D11-00A0C91BC942}") = "rvalue", "rvalue\rvalue.vcxproj", "{D99382D2-1ABB-4EC7-9275-56F35DCFDECC}"
EndProject
Project("{8BC9CEB8-8B4A-11D0-8D11-00A0C91BC942}") = "SFINAE", "SFINAE\SFINAE.vcxproj", "{33049C01-C773-4AB0-8EC6-EB7B8A3CA262}"
EndProject
Project("{8BC9CEB8-8B4A-11D0-8D11-00A0C91BC942}") = "asiotimer4", "asiotimer4\asiotimer4.vcxproj", "{0E90EDD3-2CBA-40AD-AFF3-172993EAF087}"
EndProject
Project("{8BC9CEB8-8B4A-11D0-8D11-00A0C91BC942}") = "bind2", "bind2\bind2.vcxproj", "{A15E890E-0609-441E-B449-C9B3C9694FD4}"
EndProject
Project("{8BC9CEB8-8B4A-11D0-8D11-00A0C91BC942}") = "bind3", "bind3\bind3.vcxproj", "{53BC66B3-DACF-4D88-90FB-86C8F5A691FA}"
EndProject
Global
	GlobalSection(SolutionConfigurationPlatforms) = preSolution
		Debug|Win32 = Debug|Win32
		Release|Win32 = Release|Win32
	EndGlobalSection
	GlobalSection(ProjectConfigurationPlatforms) = postSolution
		{B7664EFA-66F0-4D0C-8E73-B5ED903DB341}.Debug|Win32.ActiveCfg = Debug|Win32
		{B7664EFA-66F0-4D0C-8E73-B5ED903DB341}.Debug|Win32.Build.0 = Debug|Win32
		{B7664EFA-66F0-4D0C-8E73-B5ED903DB341}.Release|Win32.ActiveCfg = Release|Win32
		{B7664EFA-66F0-4D0C-8E73-B5ED903DB341}.Release|Win32.Build.0 = Release|Win32
		{ED567F6A-094D-4DC5-88C1-29BDD5E29FD4}.Debug|Win32.ActiveCfg = Debug|Win32
		{ED567F6A-094D-4DC5-88C1-29BDD5E29FD4}.Debug|Win32.Build.0 = Debug|Win32
		{ED567F6A-094D-4DC5-88C1-29BDD5E29FD4}.Release|Win32.ActiveCfg = Release|Win32
		{ED567F6A-094D-4DC5-88C1-29BDD5E29FD4}.Release|Win32.Build.0 = Release|Win32
		{7E1AFC73-3C83-4A83-AE74-9CF33E210E80}.Debug|Win32.ActiveCfg = Debug|Win32
		{7E1AFC73-3C83-4A83-AE74-9CF33E210E80}.Debug|Win32.Build.0 = Debug|Win32
		{7E1AFC73-3C83-4A83-AE74-9CF33E210E80}.Release|Win32.ActiveCfg = Release|Win32
		{7E1AFC73-3C83-4A83-AE74-9CF33E210E80}.Release|Win32.Build.0 = Release|Win32
		{10F04D92-D4F7-4370-9930-EC2CCD9DA417}.Debug|Win32.ActiveCfg = Debug|Win32
		{10F04D92-D4F7-4370-9930-EC2CCD9DA417}.Debug|Win32.Build.0 = Debug|Win32
		{10F04D92-D4F7-4370-9930-EC2CCD9DA417}.Release|Win32.ActiveCfg = Release|Win32
		{10F04D92-D4F7-4370-9930-EC2CCD9DA417}.Release|Win32.Build.0 = Release|Win32
		{EB538308-303D-453C-BB56-4A849282D058}.Debug|Win32.ActiveCfg = Debug|Win32
		{EB538308-303D-453C-BB56-4A849282D058}.Debug|Win32.Build.0 = Debug|Win32
		{EB538308-303D-453C-BB56-4A849282D058}.Release|Win32.ActiveCfg = Release|Win32
		{EB538308-303D-453C-BB56-4A849282D058}.Release|Win32.Build.0 = Release|Win32
		{47687862-91EC-48F7-A3B7-2938D6F12144}.Debug|Win32.ActiveCfg = Debug|Win32
		{47687862-91EC-48F7-A3B7-2938D6F12144}.Debug|Win32.Build.0 = Debug|Win32
		{47687862-91EC-48F7-A3B7-2938D6F12144}.Release|Win32.ActiveCfg = Release|Win32
		{47687862-91EC-48F7-A3B7-2938D6F12144}.Release|Win32.Build.0 = Release|Win32
		{D99382D2-1ABB-4EC7-9275-56F35DCFDECC}.Debug|Win32.ActiveCfg = Debug|Win32
		{D99382D2-1ABB-4EC7-9275-56F35DCFDECC}.Debug|Win32.Build.0 = Debug|Win32
		{D99382D2-1ABB-4EC7-9275-56F35DCFDECC}.Release|Win32.ActiveCfg = Release|Win32
		{D99382D2-1ABB-4EC7-9275-56F35DCFDECC}.Release|Win32.Build.0 = Release|Win32
		{33049C01-C773-4AB0-8EC6-EB7B8A3CA262}.Debug|Win32.ActiveCfg = Debug|Win32
		{33049C01-C773-4AB0-8EC6-EB7B8A3CA262}.Debug|Win32.Build.0 = Debug|Win32
		{33049C01-C773-4AB0-8EC6-EB7B8A3CA262}.Release|Win32.ActiveCfg = Release|Win32
		{33049C01-C773-4AB0-8EC6-EB7B8A3CA262}.Release|Win32.Build.0 = Release|Win32
		{0E90EDD3-2CBA-40AD-AFF3-172993EAF087}.Debug|Win32.ActiveCfg = Debug|Win32
		{0E90EDD3-2CBA-40AD-AFF3-172993EAF087}.Debug|Win32.Build.0 = Debug|Win32
		{0E90EDD3-2CBA-40AD-AFF3-172993EAF087}.Release|Win32.ActiveCfg = Release|Win32
		{0E90EDD3-2CBA-40AD-AFF3-172993EAF087}.Release|Win32.Build.0 = Release|Win32
		{A15E890E-0609-441E-B449-C9B3C9694FD4}.Debug|Win32.ActiveCfg = Debug|Win32
		{A15E890E-0609-441E-B449-C9B3C9694FD4}.Debug|Win32.Build.0 = Debug|Win32
		{A15E890E-0609-441E-B449-C9B3C9694FD4}.Release|Win32.ActiveCfg = Release|Win32
		{A15E890E-0609-441E-B449-C9B3C9694FD4}.Release|Win32.Build.0 = Release|Win32
		{53BC66B3-DACF-4D88-90FB-86C8F5A691FA}.Debug|Win32.ActiveCfg = Debug|Win32
		{53BC66B3-DACF-4D88-90FB-86C8F5A691FA}.Debug|Win32.Build.0 = Debug|Win32
		{53BC66B3-DACF-4D88-90FB-86C8F5A691FA}.Release|Win32.ActiveCfg = Release|Win32
		{53BC66B3-DACF-4D88-90FB-86C8F5A691FA}.Release|Win32.Build.0 = Release|Win32
	EndGlobalSection
	GlobalSection(SolutionProperties) = preSolution
		HideSolutionNode = FALSE
	EndGlobalSection
EndGlobal
