
Microsoft Visual Studio Solution File, Format Version 12.00
# Visual Studio 2012
Project("{8BC9CEB8-8B4A-11D0-8D11-00A0C91BC942}") = "lambda", "lambda\lambda.vcxproj", "{B7664EFA-66F0-4D0C-8E73-B5ED903DB341}"
EndProject
Project("{8BC9CEB8-8B4A-11D0-8D11-00A0C91BC942}") = "pointer", "pointer\pointer.vcxproj", "{ED567F6A-094D-4DC5-88C1-29BDD5E29FD4}"
EndProject
Global
	GlobalSection(SolutionConfigurationPlatforms) = preSolution
		Debug|Win32 = Debug|Win32
		Release|Win32 = Release|Win32
	EndGlobalSection
	GlobalSection(ProjectConfigurationPlatforms) = postSolution
		{B7664EFA-66F0-4D0C-8E73-B5ED903DB341}.Debug|Win32.ActiveCfg = Debug|Win32
		{B7664EFA-66F0-4D0C-8E73-B5ED903DB341}.Debug|Win32.Build.0 = Debug|Win32
		{B7664EFA-66F0-4D0C-8E73-B5ED903DB341}.Release|Win32.ActiveCfg = Release|Win32
		{B7664EFA-66F0-4D0C-8E73-B5ED903DB341}.Release|Win32.Build.0 = Release|Win32
		{ED567F6A-094D-4DC5-88C1-29BDD5E29FD4}.Debug|Win32.ActiveCfg = Debug|Win32
		{ED567F6A-094D-4DC5-88C1-29BDD5E29FD4}.Debug|Win32.Build.0 = Debug|Win32
		{ED567F6A-094D-4DC5-88C1-29BDD5E29FD4}.Release|Win32.ActiveCfg = Release|Win32
		{ED567F6A-094D-4DC5-88C1-29BDD5E29FD4}.Release|Win32.Build.0 = Release|Win32
	EndGlobalSection
	GlobalSection(SolutionProperties) = preSolution
		HideSolutionNode = FALSE
	EndGlobalSection
EndGlobal
